// !$*UTF8*$!
{
	archiveVersion = 1;
	classes = {
	};
	objectVersion = 46;
	objects = {

/* Begin PBXBuildFile section */
		502C88CA18EA49F5004E65CD /* Foundation.framework in Frameworks */ = {isa = PBXBuildFile; fileRef = 502C88C918EA49F5004E65CD /* Foundation.framework */; };
		502C88CC18EA49F5004E65CD /* CoreGraphics.framework in Frameworks */ = {isa = PBXBuildFile; fileRef = 502C88CB18EA49F5004E65CD /* CoreGraphics.framework */; };
		502C88CE18EA49F5004E65CD /* UIKit.framework in Frameworks */ = {isa = PBXBuildFile; fileRef = 502C88CD18EA49F5004E65CD /* UIKit.framework */; };
		502C88D418EA49F5004E65CD /* InfoPlist.strings in Resources */ = {isa = PBXBuildFile; fileRef = 502C88D218EA49F5004E65CD /* InfoPlist.strings */; };
		502C88D618EA49F5004E65CD /* main.m in Sources */ = {isa = PBXBuildFile; fileRef = 502C88D518EA49F5004E65CD /* main.m */; };
		502C88DA18EA49F5004E65CD /* AppDelegate.m in Sources */ = {isa = PBXBuildFile; fileRef = 502C88D918EA49F5004E65CD /* AppDelegate.m */; };
		502C88DD18EA49F5004E65CD /* Main.storyboard in Resources */ = {isa = PBXBuildFile; fileRef = 502C88DB18EA49F5004E65CD /* Main.storyboard */; };
		502C88E018EA49F5004E65CD /* FirstViewController.m in Sources */ = {isa = PBXBuildFile; fileRef = 502C88DF18EA49F5004E65CD /* FirstViewController.m */; };
		502C88E318EA49F5004E65CD /* SecondViewController.m in Sources */ = {isa = PBXBuildFile; fileRef = 502C88E218EA49F5004E65CD /* SecondViewController.m */; };
		502C88E518EA49F5004E65CD /* Images.xcassets in Resources */ = {isa = PBXBuildFile; fileRef = 502C88E418EA49F5004E65CD /* Images.xcassets */; };
		502C88EC18EA49F5004E65CD /* XCTest.framework in Frameworks */ = {isa = PBXBuildFile; fileRef = 502C88EB18EA49F5004E65CD /* XCTest.framework */; };
		502C88ED18EA49F5004E65CD /* Foundation.framework in Frameworks */ = {isa = PBXBuildFile; fileRef = 502C88C918EA49F5004E65CD /* Foundation.framework */; };
		502C88EE18EA49F5004E65CD /* UIKit.framework in Frameworks */ = {isa = PBXBuildFile; fileRef = 502C88CD18EA49F5004E65CD /* UIKit.framework */; };
		502C88F618EA49F6004E65CD /* InfoPlist.strings in Resources */ = {isa = PBXBuildFile; fileRef = 502C88F418EA49F6004E65CD /* InfoPlist.strings */; };
		502C88F818EA49F6004E65CD /* BestBeanTests.m in Sources */ = {isa = PBXBuildFile; fileRef = 502C88F718EA49F6004E65CD /* BestBeanTests.m */; };
/* End PBXBuildFile section */

/* Begin PBXContainerItemProxy section */
		502C88EF18EA49F5004E65CD /* PBXContainerItemProxy */ = {
			isa = PBXContainerItemProxy;
			containerPortal = 502C88BE18EA49F5004E65CD /* Project object */;
			proxyType = 1;
			remoteGlobalIDString = 502C88C518EA49F5004E65CD;
			remoteInfo = BestBean;
		};
/* End PBXContainerItemProxy section */

/* Begin PBXFileReference section */
		502C88C618EA49F5004E65CD /* BestBean.app */ = {isa = PBXFileReference; explicitFileType = wrapper.application; includeInIndex = 0; path = BestBean.app; sourceTree = BUILT_PRODUCTS_DIR; };
		502C88C918EA49F5004E65CD /* Foundation.framework */ = {isa = PBXFileReference; lastKnownFileType = wrapper.framework; name = Foundation.framework; path = System/Library/Frameworks/Foundation.framework; sourceTree = SDKROOT; };
		502C88CB18EA49F5004E65CD /* CoreGraphics.framework */ = {isa = PBXFileReference; lastKnownFileType = wrapper.framework; name = CoreGraphics.framework; path = System/Library/Frameworks/CoreGraphics.framework; sourceTree = SDKROOT; };
		502C88CD18EA49F5004E65CD /* UIKit.framework */ = {isa = PBXFileReference; lastKnownFileType = wrapper.framework; name = UIKit.framework; path = System/Library/Frameworks/UIKit.framework; sourceTree = SDKROOT; };
		502C88D118EA49F5004E65CD /* BestBean-Info.plist */ = {isa = PBXFileReference; lastKnownFileType = text.plist.xml; path = "BestBean-Info.plist"; sourceTree = "<group>"; };
		502C88D318EA49F5004E65CD /* en */ = {isa = PBXFileReference; lastKnownFileType = text.plist.strings; name = en; path = en.lproj/InfoPlist.strings; sourceTree = "<group>"; };
		502C88D518EA49F5004E65CD /* main.m */ = {isa = PBXFileReference; lastKnownFileType = sourcecode.c.objc; path = main.m; sourceTree = "<group>"; };
		502C88D718EA49F5004E65CD /* BestBean-Prefix.pch */ = {isa = PBXFileReference; lastKnownFileType = sourcecode.c.h; path = "BestBean-Prefix.pch"; sourceTree = "<group>"; };
		502C88D818EA49F5004E65CD /* AppDelegate.h */ = {isa = PBXFileReference; lastKnownFileType = sourcecode.c.h; path = AppDelegate.h; sourceTree = "<group>"; };
		502C88D918EA49F5004E65CD /* AppDelegate.m */ = {isa = PBXFileReference; lastKnownFileType = sourcecode.c.objc; path = AppDelegate.m; sourceTree = "<group>"; };
		502C88DC18EA49F5004E65CD /* Base */ = {isa = PBXFileReference; lastKnownFileType = file.storyboard; name = Base; path = Base.lproj/Main.storyboard; sourceTree = "<group>"; };
		502C88DE18EA49F5004E65CD /* FirstViewController.h */ = {isa = PBXFileReference; lastKnownFileType = sourcecode.c.h; path = FirstViewController.h; sourceTree = "<group>"; };
		502C88DF18EA49F5004E65CD /* FirstViewController.m */ = {isa = PBXFileReference; lastKnownFileType = sourcecode.c.objc; path = FirstViewController.m; sourceTree = "<group>"; };
		502C88E118EA49F5004E65CD /* SecondViewController.h */ = {isa = PBXFileReference; lastKnownFileType = sourcecode.c.h; path = SecondViewController.h; sourceTree = "<group>"; };
		502C88E218EA49F5004E65CD /* SecondViewController.m */ = {isa = PBXFileReference; lastKnownFileType = sourcecode.c.objc; path = SecondViewController.m; sourceTree = "<group>"; };
		502C88E418EA49F5004E65CD /* Images.xcassets */ = {isa = PBXFileReference; lastKnownFileType = folder.assetcatalog; path = Images.xcassets; sourceTree = "<group>"; };
		502C88EA18EA49F5004E65CD /* BestBeanTests.xctest */ = {isa = PBXFileReference; explicitFileType = wrapper.cfbundle; includeInIndex = 0; path = BestBeanTests.xctest; sourceTree = BUILT_PRODUCTS_DIR; };
		502C88EB18EA49F5004E65CD /* XCTest.framework */ = {isa = PBXFileReference; lastKnownFileType = wrapper.framework; name = XCTest.framework; path = Library/Frameworks/XCTest.framework; sourceTree = DEVELOPER_DIR; };
		502C88F318EA49F6004E65CD /* BestBeanTests-Info.plist */ = {isa = PBXFileReference; lastKnownFileType = text.plist.xml; path = "BestBeanTests-Info.plist"; sourceTree = "<group>"; };
		502C88F518EA49F6004E65CD /* en */ = {isa = PBXFileReference; lastKnownFileType = text.plist.strings; name = en; path = en.lproj/InfoPlist.strings; sourceTree = "<group>"; };
		502C88F718EA49F6004E65CD /* BestBeanTests.m */ = {isa = PBXFileReference; lastKnownFileType = sourcecode.c.objc; path = BestBeanTests.m; sourceTree = "<group>"; };
/* End PBXFileReference section */

/* Begin PBXFrameworksBuildPhase section */
		502C88C318EA49F5004E65CD /* Frameworks */ = {
			isa = PBXFrameworksBuildPhase;
			buildActionMask = 2147483647;
			files = (
				502C88CC18EA49F5004E65CD /* CoreGraphics.framework in Frameworks */,
				502C88CE18EA49F5004E65CD /* UIKit.framework in Frameworks */,
				502C88CA18EA49F5004E65CD /* Foundation.framework in Frameworks */,
			);
			runOnlyForDeploymentPostprocessing = 0;
		};
		502C88E718EA49F5004E65CD /* Frameworks */ = {
			isa = PBXFrameworksBuildPhase;
			buildActionMask = 2147483647;
			files = (
				502C88EC18EA49F5004E65CD /* XCTest.framework in Frameworks */,
				502C88EE18EA49F5004E65CD /* UIKit.framework in Frameworks */,
				502C88ED18EA49F5004E65CD /* Foundation.framework in Frameworks */,
			);
			runOnlyForDeploymentPostprocessing = 0;
		};
/* End PBXFrameworksBuildPhase section */

/* Begin PBXGroup section */
		502C88BD18EA49F5004E65CD = {
			isa = PBXGroup;
			children = (
				502C88CF18EA49F5004E65CD /* BestBean */,
				502C88F118EA49F5004E65CD /* BestBeanTests */,
				502C88C818EA49F5004E65CD /* Frameworks */,
				502C88C718EA49F5004E65CD /* Products */,
			);
			sourceTree = "<group>";
		};
		502C88C718EA49F5004E65CD /* Products */ = {
			isa = PBXGroup;
			children = (
				502C88C618EA49F5004E65CD /* BestBean.app */,
				502C88EA18EA49F5004E65CD /* BestBeanTests.xctest */,
			);
			name = Products;
			sourceTree = "<group>";
		};
		502C88C818EA49F5004E65CD /* Frameworks */ = {
			isa = PBXGroup;
			children = (
				502C88C918EA49F5004E65CD /* Foundation.framework */,
				502C88CB18EA49F5004E65CD /* CoreGraphics.framework */,
				502C88CD18EA49F5004E65CD /* UIKit.framework */,
				502C88EB18EA49F5004E65CD /* XCTest.framework */,
			);
			name = Frameworks;
			sourceTree = "<group>";
		};
		502C88CF18EA49F5004E65CD /* BestBean */ = {
			isa = PBXGroup;
			children = (
				502C88D818EA49F5004E65CD /* AppDelegate.h */,
				502C88D918EA49F5004E65CD /* AppDelegate.m */,
				502C88DB18EA49F5004E65CD /* Main.storyboard */,
				502C88DE18EA49F5004E65CD /* FirstViewController.h */,
				502C88DF18EA49F5004E65CD /* FirstViewController.m */,
				502C88E118EA49F5004E65CD /* SecondViewController.h */,
				502C88E218EA49F5004E65CD /* SecondViewController.m */,
				502C88E418EA49F5004E65CD /* Images.xcassets */,
				502C88D018EA49F5004E65CD /* Supporting Files */,
			);
			path = BestBean;
			sourceTree = "<group>";
		};
		502C88D018EA49F5004E65CD /* Supporting Files */ = {
			isa = PBXGroup;
			children = (
				502C88D118EA49F5004E65CD /* BestBean-Info.plist */,
				502C88D218EA49F5004E65CD /* InfoPlist.strings */,
				502C88D518EA49F5004E65CD /* main.m */,
				502C88D718EA49F5004E65CD /* BestBean-Prefix.pch */,
			);
			name = "Supporting Files";
			sourceTree = "<group>";
		};
		502C88F118EA49F5004E65CD /* BestBeanTests */ = {
			isa = PBXGroup;
			children = (
				502C88F718EA49F6004E65CD /* BestBeanTests.m */,
				502C88F218EA49F6004E65CD /* Supporting Files */,
			);
			path = BestBeanTests;
			sourceTree = "<group>";
		};
		502C88F218EA49F6004E65CD /* Supporting Files */ = {
			isa = PBXGroup;
			children = (
				502C88F318EA49F6004E65CD /* BestBeanTests-Info.plist */,
				502C88F418EA49F6004E65CD /* InfoPlist.strings */,
			);
			name = "Supporting Files";
			sourceTree = "<group>";
		};
/* End PBXGroup section */

/* Begin PBXNativeTarget section */
		502C88C518EA49F5004E65CD /* BestBean */ = {
			isa = PBXNativeTarget;
			buildConfigurationList = 502C88FB18EA49F6004E65CD /* Build configuration list for PBXNativeTarget "BestBean" */;
			buildPhases = (
				502C88C218EA49F5004E65CD /* Sources */,
				502C88C318EA49F5004E65CD /* Frameworks */,
				502C88C418EA49F5004E65CD /* Resources */,
			);
			buildRules = (
			);
			dependencies = (
			);
			name = BestBean;
			productName = BestBean;
			productReference = 502C88C618EA49F5004E65CD /* BestBean.app */;
			productType = "com.apple.product-type.application";
		};
		502C88E918EA49F5004E65CD /* BestBeanTests */ = {
			isa = PBXNativeTarget;
			buildConfigurationList = 502C88FE18EA49F6004E65CD /* Build configuration list for PBXNativeTarget "BestBeanTests" */;
			buildPhases = (
				502C88E618EA49F5004E65CD /* Sources */,
				502C88E718EA49F5004E65CD /* Frameworks */,
				502C88E818EA49F5004E65CD /* Resources */,
			);
			buildRules = (
			);
			dependencies = (
				502C88F018EA49F5004E65CD /* PBXTargetDependency */,
			);
			name = BestBeanTests;
			productName = BestBeanTests;
			productReference = 502C88EA18EA49F5004E65CD /* BestBeanTests.xctest */;
			productType = "com.apple.product-type.bundle.unit-test";
		};
/* End PBXNativeTarget section */

/* Begin PBXProject section */
		502C88BE18EA49F5004E65CD /* Project object */ = {
			isa = PBXProject;
			attributes = {
				LastUpgradeCheck = 0510;
				ORGANIZATIONNAME = "Robert Miller";
				TargetAttributes = {
					502C88E918EA49F5004E65CD = {
						TestTargetID = 502C88C518EA49F5004E65CD;
					};
				};
			};
			buildConfigurationList = 502C88C118EA49F5004E65CD /* Build configuration list for PBXProject "BestBean" */;
			compatibilityVersion = "Xcode 3.2";
			developmentRegion = English;
			hasScannedForEncodings = 0;
			knownRegions = (
				en,
				Base,
			);
			mainGroup = 502C88BD18EA49F5004E65CD;
			productRefGroup = 502C88C718EA49F5004E65CD /* Products */;
			projectDirPath = "";
			projectRoot = "";
			targets = (
				502C88C518EA49F5004E65CD /* BestBean */,
				502C88E918EA49F5004E65CD /* BestBeanTests */,
			);
		};
/* End PBXProject section */

/* Begin PBXResourcesBuildPhase section */
		502C88C418EA49F5004E65CD /* Resources */ = {
			isa = PBXResourcesBuildPhase;
			buildActionMask = 2147483647;
			files = (
				502C88E518EA49F5004E65CD /* Images.xcassets in Resources */,
				502C88D418EA49F5004E65CD /* InfoPlist.strings in Resources */,
				502C88DD18EA49F5004E65CD /* Main.storyboard in Resources */,
			);
			runOnlyForDeploymentPostprocessing = 0;
		};
		502C88E818EA49F5004E65CD /* Resources */ = {
			isa = PBXResourcesBuildPhase;
			buildActionMask = 2147483647;
			files = (
				502C88F618EA49F6004E65CD /* InfoPlist.strings in Resources */,
			);
			runOnlyForDeploymentPostprocessing = 0;
		};
/* End PBXResourcesBuildPhase section */

/* Begin PBXSourcesBuildPhase section */
		502C88C218EA49F5004E65CD /* Sources */ = {
			isa = PBXSourcesBuildPhase;
			buildActionMask = 2147483647;
			files = (
				502C88E318EA49F5004E65CD /* SecondViewController.m in Sources */,
				502C88DA18EA49F5004E65CD /* AppDelegate.m in Sources */,
				502C88E018EA49F5004E65CD /* FirstViewController.m in Sources */,
				502C88D618EA49F5004E65CD /* main.m in Sources */,
			);
			runOnlyForDeploymentPostprocessing = 0;
		};
		502C88E618EA49F5004E65CD /* Sources */ = {
			isa = PBXSourcesBuildPhase;
			buildActionMask = 2147483647;
			files = (
				502C88F818EA49F6004E65CD /* BestBeanTests.m in Sources */,
			);
			runOnlyForDeploymentPostprocessing = 0;
		};
/* End PBXSourcesBuildPhase section */

/* Begin PBXTargetDependency section */
		502C88F018EA49F5004E65CD /* PBXTargetDependency */ = {
			isa = PBXTargetDependency;
			target = 502C88C518EA49F5004E65CD /* BestBean */;
			targetProxy = 502C88EF18EA49F5004E65CD /* PBXContainerItemProxy */;
		};
/* End PBXTargetDependency section */

/* Begin PBXVariantGroup section */
		502C88D218EA49F5004E65CD /* InfoPlist.strings */ = {
			isa = PBXVariantGroup;
			children = (
				502C88D318EA49F5004E65CD /* en */,
			);
			name = InfoPlist.strings;
			sourceTree = "<group>";
		};
		502C88DB18EA49F5004E65CD /* Main.storyboard */ = {
			isa = PBXVariantGroup;
			children = (
				502C88DC18EA49F5004E65CD /* Base */,
			);
			name = Main.storyboard;
			sourceTree = "<group>";
		};
		502C88F418EA49F6004E65CD /* InfoPlist.strings */ = {
			isa = PBXVariantGroup;
			children = (
				502C88F518EA49F6004E65CD /* en */,
			);
			name = InfoPlist.strings;
			sourceTree = "<group>";
		};
/* End PBXVariantGroup section */

/* Begin XCBuildConfiguration section */
		502C88F918EA49F6004E65CD /* Debug */ = {
			isa = XCBuildConfiguration;
			buildSettings = {
				ALWAYS_SEARCH_USER_PATHS = NO;
				CLANG_CXX_LANGUAGE_STANDARD = "gnu++0x";
				CLANG_CXX_LIBRARY = "libc++";
				CLANG_ENABLE_MODULES = YES;
				CLANG_ENABLE_OBJC_ARC = YES;
				CLANG_WARN_BOOL_CONVERSION = YES;
				CLANG_WARN_CONSTANT_CONVERSION = YES;
				CLANG_WARN_DIRECT_OBJC_ISA_USAGE = YES_ERROR;
				CLANG_WARN_EMPTY_BODY = YES;
				CLANG_WARN_ENUM_CONVERSION = YES;
				CLANG_WARN_INT_CONVERSION = YES;
				CLANG_WARN_OBJC_ROOT_CLASS = YES_ERROR;
				CLANG_WARN__DUPLICATE_METHOD_MATCH = YES;
				"CODE_SIGN_IDENTITY[sdk=iphoneos*]" = "iPhone Developer";
				COPY_PHASE_STRIP = NO;
				GCC_C_LANGUAGE_STANDARD = gnu99;
				GCC_DYNAMIC_NO_PIC = NO;
				GCC_OPTIMIZATION_LEVEL = 0;
				GCC_PREPROCESSOR_DEFINITIONS = (
					"DEBUG=1",
					"$(inherited)",
				);
				GCC_SYMBOLS_PRIVATE_EXTERN = NO;
				GCC_WARN_64_TO_32_BIT_CONVERSION = YES;
				GCC_WARN_ABOUT_RETURN_TYPE = YES_ERROR;
				GCC_WARN_UNDECLARED_SELECTOR = YES;
				GCC_WARN_UNINITIALIZED_AUTOS = YES_AGGRESSIVE;
				GCC_WARN_UNUSED_FUNCTION = YES;
				GCC_WARN_UNUSED_VARIABLE = YES;
				IPHONEOS_DEPLOYMENT_TARGET = 7.1;
				ONLY_ACTIVE_ARCH = YES;
				SDKROOT = iphoneos;
			};
			name = Debug;
		};
		502C88FA18EA49F6004E65CD /* Release */ = {
			isa = XCBuildConfiguration;
			buildSettings = {
				ALWAYS_SEARCH_USER_PATHS = NO;
				CLANG_CXX_LANGUAGE_STANDARD = "gnu++0x";
				CLANG_CXX_LIBRARY = "libc++";
				CLANG_ENABLE_MODULES = YES;
				CLANG_ENABLE_OBJC_ARC = YES;
				CLANG_WARN_BOOL_CONVERSION = YES;
				CLANG_WARN_CONSTANT_CONVERSION = YES;
				CLANG_WARN_DIRECT_OBJC_ISA_USAGE = YES_ERROR;
				CLANG_WARN_EMPTY_BODY = YES;
				CLANG_WARN_ENUM_CONVERSION = YES;
				CLANG_WARN_INT_CONVERSION = YES;
				CLANG_WARN_OBJC_ROOT_CLASS = YES_ERROR;
				CLANG_WARN__DUPLICATE_METHOD_MATCH = YES;
				"CODE_SIGN_IDENTITY[sdk=iphoneos*]" = "iPhone Developer";
				COPY_PHASE_STRIP = YES;
				ENABLE_NS_ASSERTIONS = NO;
				GCC_C_LANGUAGE_STANDARD = gnu99;
				GCC_WARN_64_TO_32_BIT_CONVERSION = YES;
				GCC_WARN_ABOUT_RETURN_TYPE = YES_ERROR;
				GCC_WARN_UNDECLARED_SELECTOR = YES;
				GCC_WARN_UNINITIALIZED_AUTOS = YES_AGGRESSIVE;
				GCC_WARN_UNUSED_FUNCTION = YES;
				GCC_WARN_UNUSED_VARIABLE = YES;
				IPHONEOS_DEPLOYMENT_TARGET = 7.1;
				SDKROOT = iphoneos;
				VALIDATE_PRODUCT = YES;
			};
			name = Release;
		};
		502C88FC18EA49F6004E65CD /* Debug */ = {
			isa = XCBuildConfiguration;
			buildSettings = {
				ASSETCATALOG_COMPILER_APPICON_NAME = AppIcon;
				ASSETCATALOG_COMPILER_LAUNCHIMAGE_NAME = LaunchImage;
				GCC_PRECOMPILE_PREFIX_HEADER = YES;
				GCC_PREFIX_HEADER = "BestBean/BestBean-Prefix.pch";
				INFOPLIST_FILE = "BestBean/BestBean-Info.plist";
				PRODUCT_NAME = "$(TARGET_NAME)";
				WRAPPER_EXTENSION = app;
			};
			name = Debug;
		};
		502C88FD18EA49F6004E65CD /* Release */ = {
			isa = XCBuildConfiguration;
			buildSettings = {
				ASSETCATALOG_COMPILER_APPICON_NAME = AppIcon;
				ASSETCATALOG_COMPILER_LAUNCHIMAGE_NAME = LaunchImage;
				GCC_PRECOMPILE_PREFIX_HEADER = YES;
				GCC_PREFIX_HEADER = "BestBean/BestBean-Prefix.pch";
				INFOPLIST_FILE = "BestBean/BestBean-Info.plist";
				PRODUCT_NAME = "$(TARGET_NAME)";
				WRAPPER_EXTENSION = app;
			};
			name = Release;
		};
		502C88FF18EA49F6004E65CD /* Debug */ = {
			isa = XCBuildConfiguration;
			buildSettings = {
				BUNDLE_LOADER = "$(BUILT_PRODUCTS_DIR)/BestBean.app/BestBean";
				FRAMEWORK_SEARCH_PATHS = (
					"$(SDKROOT)/Developer/Library/Frameworks",
					"$(inherited)",
					"$(DEVELOPER_FRAMEWORKS_DIR)",
				);
				GCC_PRECOMPILE_PREFIX_HEADER = YES;
				GCC_PREFIX_HEADER = "BestBean/BestBean-Prefix.pch";
				GCC_PREPROCESSOR_DEFINITIONS = (
					"DEBUG=1",
					"$(inherited)",
				);
				INFOPLIST_FILE = "BestBeanTests/BestBeanTests-Info.plist";
				PRODUCT_NAME = "$(TARGET_NAME)";
				TEST_HOST = "$(BUNDLE_LOADER)";
				WRAPPER_EXTENSION = xctest;
			};
			name = Debug;
		};
		502C890018EA49F6004E65CD /* Release */ = {
			isa = XCBuildConfiguration;
			buildSettings = {
				BUNDLE_LOADER = "$(BUILT_PRODUCTS_DIR)/BestBean.app/BestBean";
				FRAMEWORK_SEARCH_PATHS = (
					"$(SDKROOT)/Developer/Library/Frameworks",
					"$(inherited)",
					"$(DEVELOPER_FRAMEWORKS_DIR)",
				);
				GCC_PRECOMPILE_PREFIX_HEADER = YES;
				GCC_PREFIX_HEADER = "BestBean/BestBean-Prefix.pch";
				INFOPLIST_FILE = "BestBeanTests/BestBeanTests-Info.plist";
				PRODUCT_NAME = "$(TARGET_NAME)";
				TEST_HOST = "$(BUNDLE_LOADER)";
				WRAPPER_EXTENSION = xctest;
			};
			name = Release;
		};
/* End XCBuildConfiguration section */

/* Begin XCConfigurationList section */
		502C88C118EA49F5004E65CD /* Build configuration list for PBXProject "BestBean" */ = {
			isa = XCConfigurationList;
			buildConfigurations = (
				502C88F918EA49F6004E65CD /* Debug */,
				502C88FA18EA49F6004E65CD /* Release */,
			);
			defaultConfigurationIsVisible = 0;
			defaultConfigurationName = Release;
		};
		502C88FB18EA49F6004E65CD /* Build configuration list for PBXNativeTarget "BestBean" */ = {
			isa = XCConfigurationList;
			buildConfigurations = (
				502C88FC18EA49F6004E65CD /* Debug */,
				502C88FD18EA49F6004E65CD /* Release */,
			);
			defaultConfigurationIsVisible = 0;
		};
		502C88FE18EA49F6004E65CD /* Build configuration list for PBXNativeTarget "BestBeanTests" */ = {
			isa = XCConfigurationList;
			buildConfigurations = (
				502C88FF18EA49F6004E65CD /* Debug */,
				502C890018EA49F6004E65CD /* Release */,
			);
			defaultConfigurationIsVisible = 0;
		};
/* End XCConfigurationList section */
	};
	rootObject = 502C88BE18EA49F5004E65CD /* Project object */;
}
